<?xml version="1.0" encoding="utf-8"?>
<Project ToolsVersion="4.0" xmlns="http://schemas.microsoft.com/developer/msbuild/2003">
  <ItemGroup>
    <Filter Include="Source Files">
      <UniqueIdentifier>{ec8584b7-a672-472a-8af0-b714bbc9497e}</UniqueIdentifier>
      <Extensions>cpp;c;cxx;rc;def;r;odl;idl;hpj;bat</Extensions>
    </Filter>
    <Filter Include="Header Files">
      <UniqueIdentifier>{fcf300a9-3170-43e3-88cd-2b7cd37a46ce}</UniqueIdentifier>
      <Extensions>h;hpp;hxx;hm;inl</Extensions>
    </Filter>
    <Filter Include="Resource Files">
      <UniqueIdentifier>{c9f4bbcf-b4a3-4d82-90db-f098e4e546df}</UniqueIdentifier>
      <Extensions>ico;cur;bmp;dlg;rc2;rct;bin;rgs;gif;jpg;jpeg;jpe</Extensions>
    </Filter>
  </ItemGroup>
  <ItemGroup>
    <ClCompile Include="Acl.cpp">
      <Filter>Source Files</Filter>
    </ClCompile>
    <ClCompile Include="PhoenixLSP.cpp">
      <Filter>Source Files</Filter>
    </ClCompile>
  </ItemGroup>
  <ItemGroup>
    <ClInclude Include="Acl.h">
      <Filter>Header Files</Filter>
    </ClInclude>
    <ClInclude Include="..\common\Debug.h">
      <Filter>Header Files</Filter>
    </ClInclude>
    <ClInclude Include="..\common\initsock.h">
      <Filter>Header Files</Filter>
    </ClInclude>
    <ClInclude Include="PhoenixLSP.h">
      <Filter>Header Files</Filter>
    </ClInclude>
    <ClInclude Include="..\common\PMacRes.h">
      <Filter>Header Files</Filter>
    </ClInclude>
    <ClInclude Include="..\common\TypeStruct.h">
      <Filter>Header Files</Filter>
    </ClInclude>
  </ItemGroup>
  <ItemGroup>
    <CustomBuild Include="PhoenixLSP.def">
      <Filter>Source Files</Filter>
    </CustomBuild>
  </ItemGroup>
</Project>