<?xml version="1.0" encoding="utf-8"?>
<Project ToolsVersion="4.0" xmlns="http://schemas.microsoft.com/developer/msbuild/2003">
  <ItemGroup>
    <Filter Include="Source Files">
      <UniqueIdentifier>{4575c22c-9e4f-4fc2-8ea4-50cba94e07a0}</UniqueIdentifier>
      <Extensions>cpp;c;cxx;rc;def;r;odl;idl;hpj;bat</Extensions>
    </Filter>
    <Filter Include="Header Files">
      <UniqueIdentifier>{fb76db64-d2d4-4527-a660-2d7009d82030}</UniqueIdentifier>
      <Extensions>h;hpp;hxx;hm;inl</Extensions>
    </Filter>
    <Filter Include="Resource Files">
      <UniqueIdentifier>{583dd76c-c231-4813-8a4b-7172e053c42a}</UniqueIdentifier>
      <Extensions>ico;cur;bmp;dlg;rc2;rct;bin;rgs;gif;jpg;jpeg;jpe</Extensions>
    </Filter>
  </ItemGroup>
  <ItemGroup>
    <ClCompile Include="KerRuleDlg.cpp">
      <Filter>Source Files</Filter>
    </ClCompile>
    <ClCompile Include="KerRulePage.cpp">
      <Filter>Source Files</Filter>
    </ClCompile>
    <ClCompile Include="MonitorPage.cpp">
      <Filter>Source Files</Filter>
    </ClCompile>
    <ClCompile Include="PhoenixFW.cpp">
      <Filter>Source Files</Filter>
    </ClCompile>
    <ClCompile Include="PhoenixFWDlg.cpp">
      <Filter>Source Files</Filter>
    </ClCompile>
    <ClCompile Include="PIOControl.cpp">
      <Filter>Source Files</Filter>
    </ClCompile>
    <ClCompile Include="Provider.cpp">
      <Filter>Source Files</Filter>
    </ClCompile>
    <ClCompile Include="PRuleFile.cpp">
      <Filter>Source Files</Filter>
    </ClCompile>
    <ClCompile Include="ptutils.cpp">
      <Filter>Source Files</Filter>
    </ClCompile>
    <ClCompile Include="RuleDlg.cpp">
      <Filter>Source Files</Filter>
    </ClCompile>
    <ClCompile Include="RulePage.cpp">
      <Filter>Source Files</Filter>
    </ClCompile>
    <ClCompile Include="StdAfx.cpp">
      <Filter>Source Files</Filter>
    </ClCompile>
    <ClCompile Include="SyssetPage.cpp">
      <Filter>Source Files</Filter>
    </ClCompile>
  </ItemGroup>
  <ItemGroup>
    <ResourceCompile Include="PhoenixFW.rc">
      <Filter>Source Files</Filter>
    </ResourceCompile>
  </ItemGroup>
  <ItemGroup>
    <ClInclude Include="IOCOMMON.H">
      <Filter>Header Files</Filter>
    </ClInclude>
    <ClInclude Include="KerRuleDlg.h">
      <Filter>Header Files</Filter>
    </ClInclude>
    <ClInclude Include="KerRulePage.h">
      <Filter>Header Files</Filter>
    </ClInclude>
    <ClInclude Include="MonitorPage.h">
      <Filter>Header Files</Filter>
    </ClInclude>
    <ClInclude Include="PhoenixFW.h">
      <Filter>Header Files</Filter>
    </ClInclude>
    <ClInclude Include="PhoenixFWDlg.h">
      <Filter>Header Files</Filter>
    </ClInclude>
    <ClInclude Include="PIOControl.h">
      <Filter>Header Files</Filter>
    </ClInclude>
    <ClInclude Include="..\common\PMacRes.h">
      <Filter>Header Files</Filter>
    </ClInclude>
    <ClInclude Include="PRuleFile.h">
      <Filter>Header Files</Filter>
    </ClInclude>
    <ClInclude Include="ptutils.h">
      <Filter>Header Files</Filter>
    </ClInclude>
    <ClInclude Include="Resource.h">
      <Filter>Header Files</Filter>
    </ClInclude>
    <ClInclude Include="RuleDlg.h">
      <Filter>Header Files</Filter>
    </ClInclude>
    <ClInclude Include="RulePage.h">
      <Filter>Header Files</Filter>
    </ClInclude>
    <ClInclude Include="StdAfx.h">
      <Filter>Header Files</Filter>
    </ClInclude>
    <ClInclude Include="SyssetPage.h">
      <Filter>Header Files</Filter>
    </ClInclude>
    <ClInclude Include="..\common\TypeStruct.h">
      <Filter>Header Files</Filter>
    </ClInclude>
  </ItemGroup>
  <ItemGroup>
    <Image Include="res\bitmap1.bmp">
      <Filter>Resource Files</Filter>
    </Image>
    <Image Include="res\PhoenixFW.ico">
      <Filter>Resource Files</Filter>
    </Image>
  </ItemGroup>
  <ItemGroup>
    <Text Include="ReadMe.txt" />
  </ItemGroup>
  <ItemGroup>
    <CustomBuild Include="res\PhoenixFW.rc2">
      <Filter>Resource Files</Filter>
    </CustomBuild>
  </ItemGroup>
</Project>